{
  "name": "sadhu",
  "version": "0.0.1",
  "lockfileVersion": 3,
  "requires": true,
  "packages": {
    "": {
      "name": "sadhu",
      "version": "0.0.1",
      "license": "UNLICENSED",
      "dependencies": {
        "fomantic-ui-css": "^2.8.6",
        "jquery": "^3.5.1",
        "mathjax": "^4.0.0"
      }
    },
    "node_modules/@mathjax/mathjax-newcm-font": {
      "version": "4.0.0",
      "resolved": "https://registry.npmjs.org/@mathjax/mathjax-newcm-font/-/mathjax-newcm-font-4.0.0.tgz",
      "integrity": "sha512-kpsJgIF4FpWiwIkFgOPmWwy5GXfL25spmJJNg27HQxPddmEL8Blx0jn2BuU/nlwjM/9SnYpEfDrWiAMgLPlB8Q=="
    },
    "node_modules/fomantic-ui-css": {
      "version": "2.9.4",
      "resolved": "https://registry.npmjs.org/fomantic-ui-css/-/fomantic-ui-css-2.9.4.tgz",
      "integrity": "sha512-4U8enaBjxAdjMfpTKhf0Of9/XZJo/WSh90FaF85gIYy669eGYe0tRFzE9T0lIiLRmxa20yKLhT6TvLxGau13dA==",
      "dependencies": {
        "jquery": "^3.4.0"
      }
    },
    "node_modules/jquery": {
      "version": "3.7.1",
      "resolved": "https://registry.npmjs.org/jquery/-/jquery-3.7.1.tgz",
      "integrity": "sha512-m4avr8yL8kmFN8psrbFFFmB/If14iN5o9nw/NgnnM+kybDJpRsAynV2BsfpTYrTRysYUdADVD7CkUUizgkpLfg=="
    },
    "node_modules/mathjax": {
      "version": "4.0.0",
      "resolved": "https://registry.npmjs.org/mathjax/-/mathjax-4.0.0.tgz",
      "integrity": "sha512-ThMPHiPl9ibZBInAmfoTCNq9MgCdH7ChIQ9YhKFc325noJ4DMzy9/Q14qdcuPzVJjEmC3kyXhwnERZWX3hbWzQ==",
      "dependencies": {
        "@mathjax/mathjax-newcm-font": "^4.0.0"
      }
    }
  }
}
