{
  "name": "sadhu",
  "version": "0.0.1",
  "lockfileVersion": 3,
  "requires": true,
  "packages": {
    "": {
      "name": "sadhu",
      "version": "0.0.1",
      "license": "UNLICENSED",
      "dependencies": {
        "@fortawesome/fontawesome-free": "^6.5.0",
        "@tailwindcss/browser": "^4.0.0",
        "daisyui": "^5.0.0",
        "jquery": "^3.5.1",
        "mathjax": "^4.0.0"
      }
    },
    "node_modules/@fortawesome/fontawesome-free": {
      "version": "6.7.2",
      "resolved": "https://registry.npmjs.org/@fortawesome/fontawesome-free/-/fontawesome-free-6.7.2.tgz",
      "integrity": "sha512-JUOtgFW6k9u4Y+xeIaEiLr3+cjoUPiAuLXoyKOJSia6Duzb7pq+A76P9ZdPDoAoxHdHzq6gE9/jKBGXlZT8FbA==",
      "license": "(CC-BY-4.0 AND OFL-1.1 AND MIT)",
      "engines": {
        "node": ">=6"
      }
    },
    "node_modules/@mathjax/mathjax-newcm-font": {
      "version": "4.0.0",
      "resolved": "https://registry.npmjs.org/@mathjax/mathjax-newcm-font/-/mathjax-newcm-font-4.0.0.tgz",
      "integrity": "sha512-kpsJgIF4FpWiwIkFgOPmWwy5GXfL25spmJJNg27HQxPddmEL8Blx0jn2BuU/nlwjM/9SnYpEfDrWiAMgLPlB8Q=="
    },
    "node_modules/@tailwindcss/browser": {
      "version": "4.3.0",
      "resolved": "https://registry.npmjs.org/@tailwindcss/browser/-/browser-4.3.0.tgz",
      "integrity": "sha512-izCuCS1V4c18DH47BbJuAPoCi7LP9gSSanr4k42cL+GN3Km/H3QO3fpMVVPXUBpAatHYgfmQWOmrNJqq+bzAAQ==",
      "license": "MIT"
    },
    "node_modules/daisyui": {
      "version": "5.5.23",
      "resolved": "https://registry.npmjs.org/daisyui/-/daisyui-5.5.23.tgz",
      "integrity": "sha512-xuheNUSL4T6ZVtWXoioqcNkjoyGX85QTDz4HTw2aBPfqk4fuMjax5HDo8qCmpV6M1YN8bGvfx5BpYCoDeRlt+A==",
      "license": "MIT",
      "funding": {
        "url": "https://github.com/saadeghi/daisyui?sponsor=1"
      }
    },
    "node_modules/jquery": {
      "version": "3.7.1",
      "resolved": "https://registry.npmjs.org/jquery/-/jquery-3.7.1.tgz",
      "integrity": "sha512-m4avr8yL8kmFN8psrbFFFmB/If14iN5o9nw/NgnnM+kybDJpRsAynV2BsfpTYrTRysYUdADVD7CkUUizgkpLfg=="
    },
    "node_modules/mathjax": {
      "version": "4.0.0",
      "resolved": "https://registry.npmjs.org/mathjax/-/mathjax-4.0.0.tgz",
      "integrity": "sha512-ThMPHiPl9ibZBInAmfoTCNq9MgCdH7ChIQ9YhKFc325noJ4DMzy9/Q14qdcuPzVJjEmC3kyXhwnERZWX3hbWzQ==",
      "dependencies": {
        "@mathjax/mathjax-newcm-font": "^4.0.0"
      }
    }
  }
}
